
Microsoft Visual Studio Solution File, Format Version 12.00
# Visual Studio Version 16
VisualStudioVersion = 16.0.31205.134
MinimumVisualStudioVersion = 10.0.40219.1
Project("{FAE04EC0-301F-11D3-BF4B-00C04F79EFBC}") = "BookOfAlgorithms", "BookOfAlgorithms.csproj", "{D6F83438-2FF0-437A-8F94-B5C49B50F499}"
EndProject
Global
	GlobalSection(SolutionConfigurationPlatforms) = preSolution
		Debug|Any CPU = Debug|Any CPU
		Release|Any CPU = Release|Any CPU
	EndGlobalSection
	GlobalSection(ProjectConfigurationPlatforms) = postSolution
		{D6F83438-2FF0-437A-8F94-B5C49B50F499}.Debug|Any CPU.ActiveCfg = Debug|Any CPU
		{D6F83438-2FF0-437A-8F94-B5C49B50F499}.Debug|Any CPU.Build.0 = Debug|Any CPU
		{D6F83438-2FF0-437A-8F94-B5C49B50F499}.Release|Any CPU.ActiveCfg = Release|Any CPU
		{D6F83438-2FF0-437A-8F94-B5C49B50F499}.Release|Any CPU.Build.0 = Release|Any CPU
	EndGlobalSection
	GlobalSection(SolutionProperties) = preSolution
		HideSolutionNode = FALSE
	EndGlobalSection
	GlobalSection(ExtensibilityGlobals) = postSolution
		SolutionGuid = {09B593F0-AEE3-4CEF-8350-24D6BF1BECE8}
	EndGlobalSection
EndGlobal
